
Microsoft Visual Studio Solution File, Format Version 12.00
# Visual Studio Version 17
VisualStudioVersion = 17.11.35312.102
MinimumVisualStudioVersion = 10.0.40219.1
Project("{FAE04EC0-301F-11D3-BF4B-00C04F79EFBC}") = "01_MainSubject", "01_MainSubject\01_MainSubject.csproj", "{36A0FF32-06DF-44A0-9513-E4568C88C960}"
EndProject
Project("{FAE04EC0-301F-11D3-BF4B-00C04F79EFBC}") = "02_Veriables", "02_Veriables\02_Veriables.csproj", "{F27E6253-A453-4260-9E53-801E152F666D}"
EndProject
Project("{FAE04EC0-301F-11D3-BF4B-00C04F79EFBC}") = "03_MakingDecision", "03_MakingDecision\03_MakingDecision.csproj", "{0E783145-A52B-4954-98E2-CD3D7383E03E}"
EndProject
Project("{FAE04EC0-301F-11D3-BF4B-00C04F79EFBC}") = "04_Loops", "04_Loops\04_Loops.csproj", "{CA94F90C-53C4-40C0-830D-E24FD4595569}"
EndProject
Project("{FAE04EC0-301F-11D3-BF4B-00C04F79EFBC}") = "05_LoopsWithStars", "05_LoopsWithStars\05_LoopsWithStars.csproj", "{EDBB72E3-ABA5-488C-88B1-A9C8295B4DFD}"
EndProject
Project("{FAE04EC0-301F-11D3-BF4B-00C04F79EFBC}") = "06_Arrays", "06_Arrays\06_Arrays.csproj", "{DDCAFE19-568C-4FF9-9DFE-6E745E64E0F5}"
EndProject
Project("{FAE04EC0-301F-11D3-BF4B-00C04F79EFBC}") = "07_ForeachLoop", "07_ForeachLoop\07_ForeachLoop.csproj", "{A5CE4C41-2C77-48F4-A98B-86D3D7DF432E}"
EndProject
Project("{FAE04EC0-301F-11D3-BF4B-00C04F79EFBC}") = "08_Methods", "08_Methods\08_Methods.csproj", "{5774817A-7D84-4B5F-B03F-BBEF8504A677}"
EndProject
Global
	GlobalSection(SolutionConfigurationPlatforms) = preSolution
		Debug|Any CPU = Debug|Any CPU
		Release|Any CPU = Release|Any CPU
	EndGlobalSection
	GlobalSection(ProjectConfigurationPlatforms) = postSolution
		{36A0FF32-06DF-44A0-9513-E4568C88C960}.Debug|Any CPU.ActiveCfg = Debug|Any CPU
		{36A0FF32-06DF-44A0-9513-E4568C88C960}.Debug|Any CPU.Build.0 = Debug|Any CPU
		{36A0FF32-06DF-44A0-9513-E4568C88C960}.Release|Any CPU.ActiveCfg = Release|Any CPU
		{36A0FF32-06DF-44A0-9513-E4568C88C960}.Release|Any CPU.Build.0 = Release|Any CPU
		{F27E6253-A453-4260-9E53-801E152F666D}.Debug|Any CPU.ActiveCfg = Debug|Any CPU
		{F27E6253-A453-4260-9E53-801E152F666D}.Debug|Any CPU.Build.0 = Debug|Any CPU
		{F27E6253-A453-4260-9E53-801E152F666D}.Release|Any CPU.ActiveCfg = Release|Any CPU
		{F27E6253-A453-4260-9E53-801E152F666D}.Release|Any CPU.Build.0 = Release|Any CPU
		{0E783145-A52B-4954-98E2-CD3D7383E03E}.Debug|Any CPU.ActiveCfg = Debug|Any CPU
		{0E783145-A52B-4954-98E2-CD3D7383E03E}.Debug|Any CPU.Build.0 = Debug|Any CPU
		{0E783145-A52B-4954-98E2-CD3D7383E03E}.Release|Any CPU.ActiveCfg = Release|Any CPU
		{0E783145-A52B-4954-98E2-CD3D7383E03E}.Release|Any CPU.Build.0 = Release|Any CPU
		{CA94F90C-53C4-40C0-830D-E24FD4595569}.Debug|Any CPU.ActiveCfg = Debug|Any CPU
		{CA94F90C-53C4-40C0-830D-E24FD4595569}.Debug|Any CPU.Build.0 = Debug|Any CPU
		{CA94F90C-53C4-40C0-830D-E24FD4595569}.Release|Any CPU.ActiveCfg = Release|Any CPU
		{CA94F90C-53C4-40C0-830D-E24FD4595569}.Release|Any CPU.Build.0 = Release|Any CPU
		{EDBB72E3-ABA5-488C-88B1-A9C8295B4DFD}.Debug|Any CPU.ActiveCfg = Debug|Any CPU
		{EDBB72E3-ABA5-488C-88B1-A9C8295B4DFD}.Debug|Any CPU.Build.0 = Debug|Any CPU
		{EDBB72E3-ABA5-488C-88B1-A9C8295B4DFD}.Release|Any CPU.ActiveCfg = Release|Any CPU
		{EDBB72E3-ABA5-488C-88B1-A9C8295B4DFD}.Release|Any CPU.Build.0 = Release|Any CPU
		{DDCAFE19-568C-4FF9-9DFE-6E745E64E0F5}.Debug|Any CPU.ActiveCfg = Debug|Any CPU
		{DDCAFE19-568C-4FF9-9DFE-6E745E64E0F5}.Debug|Any CPU.Build.0 = Debug|Any CPU
		{DDCAFE19-568C-4FF9-9DFE-6E745E64E0F5}.Release|Any CPU.ActiveCfg = Release|Any CPU
		{DDCAFE19-568C-4FF9-9DFE-6E745E64E0F5}.Release|Any CPU.Build.0 = Release|Any CPU
		{A5CE4C41-2C77-48F4-A98B-86D3D7DF432E}.Debug|Any CPU.ActiveCfg = Debug|Any CPU
		{A5CE4C41-2C77-48F4-A98B-86D3D7DF432E}.Debug|Any CPU.Build.0 = Debug|Any CPU
		{A5CE4C41-2C77-48F4-A98B-86D3D7DF432E}.Release|Any CPU.ActiveCfg = Release|Any CPU
		{A5CE4C41-2C77-48F4-A98B-86D3D7DF432E}.Release|Any CPU.Build.0 = Release|Any CPU
		{5774817A-7D84-4B5F-B03F-BBEF8504A677}.Debug|Any CPU.ActiveCfg = Debug|Any CPU
		{5774817A-7D84-4B5F-B03F-BBEF8504A677}.Debug|Any CPU.Build.0 = Debug|Any CPU
		{5774817A-7D84-4B5F-B03F-BBEF8504A677}.Release|Any CPU.ActiveCfg = Release|Any CPU
		{5774817A-7D84-4B5F-B03F-BBEF8504A677}.Release|Any CPU.Build.0 = Release|Any CPU
	EndGlobalSection
	GlobalSection(SolutionProperties) = preSolution
		HideSolutionNode = FALSE
	EndGlobalSection
	GlobalSection(ExtensibilityGlobals) = postSolution
		SolutionGuid = {5059B1C5-4164-49BC-9DBB-C55217B1909D}
	EndGlobalSection
EndGlobal
